# This file was autogenerated by Stack.
# You should not edit this file by hand.
# For more information, please see the documentation at:
#   https://docs.haskellstack.org/en/stable/lock_files

packages:
- completed:
    hackage: unbound-0.5.1.1@sha256:13bc46f324b63061db1189e45c00e0d332fa0371c95077c4e474d3b94b7dd01d,3248
    pantry-tree:
      size: 2485
      sha256: 033d22514d9e56ea66056456d84a410ccf7f552deb7ee4cda69af111b234819d
  original:
    hackage: unbound-0.5.1.1@sha256:13bc46f324b63061db1189e45c00e0d332fa0371c95077c4e474d3b94b7dd01d,3248
- completed:
    hackage: RepLib-0.5.4.1@sha256:f1d0765fbdc55c0905b3b70f1953a440cb8d04b65b3ccd6f067ee0f082f6fa0d,1953
    pantry-tree:
      size: 995
      sha256: a343349797e41e579eedab5d01fe01cbbb3f7963eb5e2c2c58ca6bac5a34c9ce
  original:
    hackage: RepLib-0.5.4.1@sha256:f1d0765fbdc55c0905b3b70f1953a440cb8d04b65b3ccd6f067ee0f082f6fa0d,1953
snapshots:
- completed:
    size: 423845
    url: https://raw.githubusercontent.com/commercialhaskell/stackage-snapshots/master/lts/6/12.yaml
    sha256: ae008539ecbc0355b7df48a07cf7d3b62d2f5c03aecebcb177de3f6121cdd239
  original: lts-6.12
